# THIS IS AN AUTOGENERATED FILE. DO NOT EDIT THIS FILE DIRECTLY.
# yarn lockfile v1


crypto-js@3.1.6:
  version "3.1.6"
  resolved "https://registry.yarnpkg.com/crypto-js/-/crypto-js-3.1.6.tgz#6142651b232dbb8ebdfa9716a70a2888359da6c9"

object-assign@4.1.0:
  version "4.1.0"
  resolved "https://registry.yarnpkg.com/object-assign/-/object-assign-4.1.0.tgz#7a3b3d0e98063d43f4c03f2e8ae6cd51a86883a0"

options@>=0.0.5:
  version "0.0.6"
  resolved "https://registry.yarnpkg.com/options/-/options-0.0.6.tgz#ec22d312806bb53e731773e7cdaefcf1c643128f"

satori-rtm-sdk@^1.2.2:
  version "1.2.2"
  resolved "https://registry.yarnpkg.com/satori-rtm-sdk/-/satori-rtm-sdk-1.2.2.tgz#cedae4f13df54ce1bc26c22db44a9043a127f200"
  dependencies:
    crypto-js "3.1.6"
    object-assign "4.1.0"
    ws "1.1.4"

ultron@1.0.x:
  version "1.0.2"
  resolved "https://registry.yarnpkg.com/ultron/-/ultron-1.0.2.tgz#ace116ab557cd197386a4e88f4685378c8b2e4fa"

ws@1.1.4:
  version "1.1.4"
  resolved "https://registry.yarnpkg.com/ws/-/ws-1.1.4.tgz#57f40d036832e5f5055662a397c4de76ed66bf61"
  dependencies:
    options ">=0.0.5"
    ultron "1.0.x"
